// !$*UTF8*$!
{
	archiveVersion = 1;
	classes = {
	};
	objectVersion = 46;
	objects = {

/* Begin PBXBuildFile section */
		4DACCF421C09523C00745AAD /* AppDelegate.swift in Sources */ = {isa = PBXBuildFile; fileRef = 4DACCF411C09523C00745AAD /* AppDelegate.swift */; };
		4DACCF441C09523C00745AAD /* ViewController.swift in Sources */ = {isa = PBXBuildFile; fileRef = 4DACCF431C09523C00745AAD /* ViewController.swift */; };
		4DACCF471C09523C00745AAD /* Main.storyboard in Resources */ = {isa = PBXBuildFile; fileRef = 4DACCF451C09523C00745AAD /* Main.storyboard */; };
		4DACCF491C09523C00745AAD /* Assets.xcassets in Resources */ = {isa = PBXBuildFile; fileRef = 4DACCF481C09523C00745AAD /* Assets.xcassets */; };
		4DACCF4C1C09523C00745AAD /* LaunchScreen.storyboard in Resources */ = {isa = PBXBuildFile; fileRef = 4DACCF4A1C09523C00745AAD /* LaunchScreen.storyboard */; };
		4DACCF511C09523C00745AAD /* Humoji WatchKit App.app in Embed Watch Content */ = {isa = PBXBuildFile; fileRef = 4DACCF501C09523C00745AAD /* Humoji WatchKit App.app */; };
		4DACCF571C09523C00745AAD /* Interface.storyboard in Resources */ = {isa = PBXBuildFile; fileRef = 4DACCF551C09523C00745AAD /* Interface.storyboard */; };
		4DACCF591C09523C00745AAD /* Assets.xcassets in Resources */ = {isa = PBXBuildFile; fileRef = 4DACCF581C09523C00745AAD /* Assets.xcassets */; };
		4DACCF601C09523C00745AAD /* Humoji WatchKit Extension.appex in Embed App Extensions */ = {isa = PBXBuildFile; fileRef = 4DACCF5F1C09523C00745AAD /* Humoji WatchKit Extension.appex */; settings = {ATTRIBUTES = (RemoveHeadersOnCopy, ); }; };
		4DACCF651C09523C00745AAD /* InterfaceController.swift in Sources */ = {isa = PBXBuildFile; fileRef = 4DACCF641C09523C00745AAD /* InterfaceController.swift */; };
		4DACCF671C09523C00745AAD /* ExtensionDelegate.swift in Sources */ = {isa = PBXBuildFile; fileRef = 4DACCF661C09523C00745AAD /* ExtensionDelegate.swift */; };
		4DACCF691C09523C00745AAD /* Assets.xcassets in Resources */ = {isa = PBXBuildFile; fileRef = 4DACCF681C09523C00745AAD /* Assets.xcassets */; };
		4DACCF7A1C095B9600745AAD /* CommunicationManager.swift in Sources */ = {isa = PBXBuildFile; fileRef = 4DACCF791C095B9600745AAD /* CommunicationManager.swift */; settings = {ASSET_TAGS = (); }; };
		4DACCF7B1C095C5A00745AAD /* CommunicationManager.swift in Sources */ = {isa = PBXBuildFile; fileRef = 4DACCF791C095B9600745AAD /* CommunicationManager.swift */; settings = {ASSET_TAGS = (); }; };
/* End PBXBuildFile section */

/* Begin PBXContainerItemProxy section */
		4DACCF521C09523C00745AAD /* PBXContainerItemProxy */ = {
			isa = PBXContainerItemProxy;
			containerPortal = 4DACCF361C09523C00745AAD /* Project object */;
			proxyType = 1;
			remoteGlobalIDString = 4DACCF4F1C09523C00745AAD;
			remoteInfo = "Humoji WatchKit App";
		};
		4DACCF611C09523C00745AAD /* PBXContainerItemProxy */ = {
			isa = PBXContainerItemProxy;
			containerPortal = 4DACCF361C09523C00745AAD /* Project object */;
			proxyType = 1;
			remoteGlobalIDString = 4DACCF5E1C09523C00745AAD;
			remoteInfo = "Humoji WatchKit Extension";
		};
/* End PBXContainerItemProxy section */

/* Begin PBXCopyFilesBuildPhase section */
		4DACCF701C09523C00745AAD /* Embed App Extensions */ = {
			isa = PBXCopyFilesBuildPhase;
			buildActionMask = 2147483647;
			dstPath = "";
			dstSubfolderSpec = 13;
			files = (
				4DACCF601C09523C00745AAD /* Humoji WatchKit Extension.appex in Embed App Extensions */,
			);
			name = "Embed App Extensions";
			runOnlyForDeploymentPostprocessing = 0;
		};
		4DACCF741C09523C00745AAD /* Embed Watch Content */ = {
			isa = PBXCopyFilesBuildPhase;
			buildActionMask = 2147483647;
			dstPath = "$(CONTENTS_FOLDER_PATH)/Watch";
			dstSubfolderSpec = 16;
			files = (
				4DACCF511C09523C00745AAD /* Humoji WatchKit App.app in Embed Watch Content */,
			);
			name = "Embed Watch Content";
			runOnlyForDeploymentPostprocessing = 0;
		};
/* End PBXCopyFilesBuildPhase section */

/* Begin PBXFileReference section */
		4DACCF3E1C09523C00745AAD /* Humoji.app */ = {isa = PBXFileReference; explicitFileType = wrapper.application; includeInIndex = 0; path = Humoji.app; sourceTree = BUILT_PRODUCTS_DIR; };
		4DACCF411C09523C00745AAD /* AppDelegate.swift */ = {isa = PBXFileReference; lastKnownFileType = sourcecode.swift; path = AppDelegate.swift; sourceTree = "<group>"; };
		4DACCF431C09523C00745AAD /* ViewController.swift */ = {isa = PBXFileReference; lastKnownFileType = sourcecode.swift; path = ViewController.swift; sourceTree = "<group>"; };
		4DACCF461C09523C00745AAD /* Base */ = {isa = PBXFileReference; lastKnownFileType = file.storyboard; name = Base; path = Base.lproj/Main.storyboard; sourceTree = "<group>"; };
		4DACCF481C09523C00745AAD /* Assets.xcassets */ = {isa = PBXFileReference; lastKnownFileType = folder.assetcatalog; path = Assets.xcassets; sourceTree = "<group>"; };
		4DACCF4B1C09523C00745AAD /* Base */ = {isa = PBXFileReference; lastKnownFileType = file.storyboard; name = Base; path = Base.lproj/LaunchScreen.storyboard; sourceTree = "<group>"; };
		4DACCF4D1C09523C00745AAD /* Info.plist */ = {isa = PBXFileReference; lastKnownFileType = text.plist.xml; path = Info.plist; sourceTree = "<group>"; };
		4DACCF501C09523C00745AAD /* Humoji WatchKit App.app */ = {isa = PBXFileReference; explicitFileType = wrapper.application; includeInIndex = 0; path = "Humoji WatchKit App.app"; sourceTree = BUILT_PRODUCTS_DIR; };
		4DACCF561C09523C00745AAD /* Base */ = {isa = PBXFileReference; lastKnownFileType = file.storyboard; name = Base; path = Base.lproj/Interface.storyboard; sourceTree = "<group>"; };
		4DACCF581C09523C00745AAD /* Assets.xcassets */ = {isa = PBXFileReference; lastKnownFileType = folder.assetcatalog; path = Assets.xcassets; sourceTree = "<group>"; };
		4DACCF5A1C09523C00745AAD /* Info.plist */ = {isa = PBXFileReference; lastKnownFileType = text.plist.xml; path = Info.plist; sourceTree = "<group>"; };
		4DACCF5F1C09523C00745AAD /* Humoji WatchKit Extension.appex */ = {isa = PBXFileReference; explicitFileType = "wrapper.app-extension"; includeInIndex = 0; path = "Humoji WatchKit Extension.appex"; sourceTree = BUILT_PRODUCTS_DIR; };
		4DACCF641C09523C00745AAD /* InterfaceController.swift */ = {isa = PBXFileReference; lastKnownFileType = sourcecode.swift; path = InterfaceController.swift; sourceTree = "<group>"; };
		4DACCF661C09523C00745AAD /* ExtensionDelegate.swift */ = {isa = PBXFileReference; lastKnownFileType = sourcecode.swift; path = ExtensionDelegate.swift; sourceTree = "<group>"; };
		4DACCF681C09523C00745AAD /* Assets.xcassets */ = {isa = PBXFileReference; lastKnownFileType = folder.assetcatalog; path = Assets.xcassets; sourceTree = "<group>"; };
		4DACCF6A1C09523C00745AAD /* Info.plist */ = {isa = PBXFileReference; lastKnownFileType = text.plist.xml; path = Info.plist; sourceTree = "<group>"; };
		4DACCF791C095B9600745AAD /* CommunicationManager.swift */ = {isa = PBXFileReference; fileEncoding = 4; lastKnownFileType = sourcecode.swift; name = CommunicationManager.swift; path = "Inter-Device Communication/CommunicationManager.swift"; sourceTree = "<group>"; };
/* End PBXFileReference section */

/* Begin PBXFrameworksBuildPhase section */
		4DACCF3B1C09523C00745AAD /* Frameworks */ = {
			isa = PBXFrameworksBuildPhase;
			buildActionMask = 2147483647;
			files = (
			);
			runOnlyForDeploymentPostprocessing = 0;
		};
		4DACCF5C1C09523C00745AAD /* Frameworks */ = {
			isa = PBXFrameworksBuildPhase;
			buildActionMask = 2147483647;
			files = (
			);
			runOnlyForDeploymentPostprocessing = 0;
		};
/* End PBXFrameworksBuildPhase section */

/* Begin PBXGroup section */
		4DACCF351C09523C00745AAD = {
			isa = PBXGroup;
			children = (
				4DACCF781C095B7500745AAD /* Inter-Device Communication */,
				4DACCF401C09523C00745AAD /* Humoji */,
				4DACCF541C09523C00745AAD /* Humoji WatchKit App */,
				4DACCF631C09523C00745AAD /* Humoji WatchKit Extension */,
				4DACCF3F1C09523C00745AAD /* Products */,
			);
			sourceTree = "<group>";
		};
		4DACCF3F1C09523C00745AAD /* Products */ = {
			isa = PBXGroup;
			children = (
				4DACCF3E1C09523C00745AAD /* Humoji.app */,
				4DACCF501C09523C00745AAD /* Humoji WatchKit App.app */,
				4DACCF5F1C09523C00745AAD /* Humoji WatchKit Extension.appex */,
			);
			name = Products;
			sourceTree = "<group>";
		};
		4DACCF401C09523C00745AAD /* Humoji */ = {
			isa = PBXGroup;
			children = (
				4DACCF411C09523C00745AAD /* AppDelegate.swift */,
				4DACCF431C09523C00745AAD /* ViewController.swift */,
				4DACCF451C09523C00745AAD /* Main.storyboard */,
				4DACCF481C09523C00745AAD /* Assets.xcassets */,
				4DACCF4A1C09523C00745AAD /* LaunchScreen.storyboard */,
				4DACCF4D1C09523C00745AAD /* Info.plist */,
			);
			path = Humoji;
			sourceTree = "<group>";
		};
		4DACCF541C09523C00745AAD /* Humoji WatchKit App */ = {
			isa = PBXGroup;
			children = (
				4DACCF551C09523C00745AAD /* Interface.storyboard */,
				4DACCF581C09523C00745AAD /* Assets.xcassets */,
				4DACCF5A1C09523C00745AAD /* Info.plist */,
			);
			path = "Humoji WatchKit App";
			sourceTree = "<group>";
		};
		4DACCF631C09523C00745AAD /* Humoji WatchKit Extension */ = {
			isa = PBXGroup;
			children = (
				4DACCF641C09523C00745AAD /* InterfaceController.swift */,
				4DACCF661C09523C00745AAD /* ExtensionDelegate.swift */,
				4DACCF681C09523C00745AAD /* Assets.xcassets */,
				4DACCF6A1C09523C00745AAD /* Info.plist */,
			);
			path = "Humoji WatchKit Extension";
			sourceTree = "<group>";
		};
		4DACCF781C095B7500745AAD /* Inter-Device Communication */ = {
			isa = PBXGroup;
			children = (
				4DACCF791C095B9600745AAD /* CommunicationManager.swift */,
			);
			name = "Inter-Device Communication";
			sourceTree = "<group>";
		};
/* End PBXGroup section */

/* Begin PBXNativeTarget section */
		4DACCF3D1C09523C00745AAD /* Humoji */ = {
			isa = PBXNativeTarget;
			buildConfigurationList = 4DACCF751C09523C00745AAD /* Build configuration list for PBXNativeTarget "Humoji" */;
			buildPhases = (
				4DACCF3A1C09523C00745AAD /* Sources */,
				4DACCF3B1C09523C00745AAD /* Frameworks */,
				4DACCF3C1C09523C00745AAD /* Resources */,
				4DACCF741C09523C00745AAD /* Embed Watch Content */,
			);
			buildRules = (
			);
			dependencies = (
				4DACCF531C09523C00745AAD /* PBXTargetDependency */,
			);
			name = Humoji;
			productName = Humoji;
			productReference = 4DACCF3E1C09523C00745AAD /* Humoji.app */;
			productType = "com.apple.product-type.application";
		};
		4DACCF4F1C09523C00745AAD /* Humoji WatchKit App */ = {
			isa = PBXNativeTarget;
			buildConfigurationList = 4DACCF711C09523C00745AAD /* Build configuration list for PBXNativeTarget "Humoji WatchKit App" */;
			buildPhases = (
				4DACCF4E1C09523C00745AAD /* Resources */,
				4DACCF701C09523C00745AAD /* Embed App Extensions */,
			);
			buildRules = (
			);
			dependencies = (
				4DACCF621C09523C00745AAD /* PBXTargetDependency */,
			);
			name = "Humoji WatchKit App";
			productName = "Humoji WatchKit App";
			productReference = 4DACCF501C09523C00745AAD /* Humoji WatchKit App.app */;
			productType = "com.apple.product-type.application.watchapp2";
		};
		4DACCF5E1C09523C00745AAD /* Humoji WatchKit Extension */ = {
			isa = PBXNativeTarget;
			buildConfigurationList = 4DACCF6D1C09523C00745AAD /* Build configuration list for PBXNativeTarget "Humoji WatchKit Extension" */;
			buildPhases = (
				4DACCF5B1C09523C00745AAD /* Sources */,
				4DACCF5C1C09523C00745AAD /* Frameworks */,
				4DACCF5D1C09523C00745AAD /* Resources */,
			);
			buildRules = (
			);
			dependencies = (
			);
			name = "Humoji WatchKit Extension";
			productName = "Humoji WatchKit Extension";
			productReference = 4DACCF5F1C09523C00745AAD /* Humoji WatchKit Extension.appex */;
			productType = "com.apple.product-type.watchkit2-extension";
		};
/* End PBXNativeTarget section */

/* Begin PBXProject section */
		4DACCF361C09523C00745AAD /* Project object */ = {
			isa = PBXProject;
			attributes = {
				LastUpgradeCheck = 0700;
				ORGANIZATIONNAME = "Build watchOS Apps";
				TargetAttributes = {
					4DACCF3D1C09523C00745AAD = {
						CreatedOnToolsVersion = 7.0.1;
					};
					4DACCF4F1C09523C00745AAD = {
						CreatedOnToolsVersion = 7.0.1;
					};
					4DACCF5E1C09523C00745AAD = {
						CreatedOnToolsVersion = 7.0.1;
					};
				};
			};
			buildConfigurationList = 4DACCF391C09523C00745AAD /* Build configuration list for PBXProject "Humoji" */;
			compatibilityVersion = "Xcode 3.2";
			developmentRegion = English;
			hasScannedForEncodings = 0;
			knownRegions = (
				en,
				Base,
			);
			mainGroup = 4DACCF351C09523C00745AAD;
			productRefGroup = 4DACCF3F1C09523C00745AAD /* Products */;
			projectDirPath = "";
			projectRoot = "";
			targets = (
				4DACCF3D1C09523C00745AAD /* Humoji */,
				4DACCF4F1C09523C00745AAD /* Humoji WatchKit App */,
				4DACCF5E1C09523C00745AAD /* Humoji WatchKit Extension */,
			);
		};
/* End PBXProject section */

/* Begin PBXResourcesBuildPhase section */
		4DACCF3C1C09523C00745AAD /* Resources */ = {
			isa = PBXResourcesBuildPhase;
			buildActionMask = 2147483647;
			files = (
				4DACCF4C1C09523C00745AAD /* LaunchScreen.storyboard in Resources */,
				4DACCF491C09523C00745AAD /* Assets.xcassets in Resources */,
				4DACCF471C09523C00745AAD /* Main.storyboard in Resources */,
			);
			runOnlyForDeploymentPostprocessing = 0;
		};
		4DACCF4E1C09523C00745AAD /* Resources */ = {
			isa = PBXResourcesBuildPhase;
			buildActionMask = 2147483647;
			files = (
				4DACCF591C09523C00745AAD /* Assets.xcassets in Resources */,
				4DACCF571C09523C00745AAD /* Interface.storyboard in Resources */,
			);
			runOnlyForDeploymentPostprocessing = 0;
		};
		4DACCF5D1C09523C00745AAD /* Resources */ = {
			isa = PBXResourcesBuildPhase;
			buildActionMask = 2147483647;
			files = (
				4DACCF691C09523C00745AAD /* Assets.xcassets in Resources */,
			);
			runOnlyForDeploymentPostprocessing = 0;
		};
/* End PBXResourcesBuildPhase section */

/* Begin PBXSourcesBuildPhase section */
		4DACCF3A1C09523C00745AAD /* Sources */ = {
			isa = PBXSourcesBuildPhase;
			buildActionMask = 2147483647;
			files = (
				4DACCF441C09523C00745AAD /* ViewController.swift in Sources */,
				4DACCF7A1C095B9600745AAD /* CommunicationManager.swift in Sources */,
				4DACCF421C09523C00745AAD /* AppDelegate.swift in Sources */,
			);
			runOnlyForDeploymentPostprocessing = 0;
		};
		4DACCF5B1C09523C00745AAD /* Sources */ = {
			isa = PBXSourcesBuildPhase;
			buildActionMask = 2147483647;
			files = (
				4DACCF671C09523C00745AAD /* ExtensionDelegate.swift in Sources */,
				4DACCF7B1C095C5A00745AAD /* CommunicationManager.swift in Sources */,
				4DACCF651C09523C00745AAD /* InterfaceController.swift in Sources */,
			);
			runOnlyForDeploymentPostprocessing = 0;
		};
/* End PBXSourcesBuildPhase section */

/* Begin PBXTargetDependency section */
		4DACCF531C09523C00745AAD /* PBXTargetDependency */ = {
			isa = PBXTargetDependency;
			target = 4DACCF4F1C09523C00745AAD /* Humoji WatchKit App */;
			targetProxy = 4DACCF521C09523C00745AAD /* PBXContainerItemProxy */;
		};
		4DACCF621C09523C00745AAD /* PBXTargetDependency */ = {
			isa = PBXTargetDependency;
			target = 4DACCF5E1C09523C00745AAD /* Humoji WatchKit Extension */;
			targetProxy = 4DACCF611C09523C00745AAD /* PBXContainerItemProxy */;
		};
/* End PBXTargetDependency section */

/* Begin PBXVariantGroup section */
		4DACCF451C09523C00745AAD /* Main.storyboard */ = {
			isa = PBXVariantGroup;
			children = (
				4DACCF461C09523C00745AAD /* Base */,
			);
			name = Main.storyboard;
			sourceTree = "<group>";
		};
		4DACCF4A1C09523C00745AAD /* LaunchScreen.storyboard */ = {
			isa = PBXVariantGroup;
			children = (
				4DACCF4B1C09523C00745AAD /* Base */,
			);
			name = LaunchScreen.storyboard;
			sourceTree = "<group>";
		};
		4DACCF551C09523C00745AAD /* Interface.storyboard */ = {
			isa = PBXVariantGroup;
			children = (
				4DACCF561C09523C00745AAD /* Base */,
			);
			name = Interface.storyboard;
			sourceTree = "<group>";
		};
/* End PBXVariantGroup section */

/* Begin XCBuildConfiguration section */
		4DACCF6B1C09523C00745AAD /* Debug */ = {
			isa = XCBuildConfiguration;
			buildSettings = {
				ALWAYS_SEARCH_USER_PATHS = NO;
				CLANG_CXX_LANGUAGE_STANDARD = "gnu++0x";
				CLANG_CXX_LIBRARY = "libc++";
				CLANG_ENABLE_MODULES = YES;
				CLANG_ENABLE_OBJC_ARC = YES;
				CLANG_WARN_BOOL_CONVERSION = YES;
				CLANG_WARN_CONSTANT_CONVERSION = YES;
				CLANG_WARN_DIRECT_OBJC_ISA_USAGE = YES_ERROR;
				CLANG_WARN_EMPTY_BODY = YES;
				CLANG_WARN_ENUM_CONVERSION = YES;
				CLANG_WARN_INT_CONVERSION = YES;
				CLANG_WARN_OBJC_ROOT_CLASS = YES_ERROR;
				CLANG_WARN_UNREACHABLE_CODE = YES;
				CLANG_WARN__DUPLICATE_METHOD_MATCH = YES;
				"CODE_SIGN_IDENTITY[sdk=iphoneos*]" = "iPhone Developer";
				COPY_PHASE_STRIP = NO;
				DEBUG_INFORMATION_FORMAT = dwarf;
				ENABLE_STRICT_OBJC_MSGSEND = YES;
				ENABLE_TESTABILITY = YES;
				GCC_C_LANGUAGE_STANDARD = gnu99;
				GCC_DYNAMIC_NO_PIC = NO;
				GCC_NO_COMMON_BLOCKS = YES;
				GCC_OPTIMIZATION_LEVEL = 0;
				GCC_PREPROCESSOR_DEFINITIONS = (
					"DEBUG=1",
					"$(inherited)",
				);
				GCC_WARN_64_TO_32_BIT_CONVERSION = YES;
				GCC_WARN_ABOUT_RETURN_TYPE = YES_ERROR;
				GCC_WARN_UNDECLARED_SELECTOR = YES;
				GCC_WARN_UNINITIALIZED_AUTOS = YES_AGGRESSIVE;
				GCC_WARN_UNUSED_FUNCTION = YES;
				GCC_WARN_UNUSED_VARIABLE = YES;
				IPHONEOS_DEPLOYMENT_TARGET = 9.0;
				MTL_ENABLE_DEBUG_INFO = YES;
				ONLY_ACTIVE_ARCH = YES;
				SDKROOT = iphoneos;
				SWIFT_OPTIMIZATION_LEVEL = "-Onone";
			};
			name = Debug;
		};
		4DACCF6C1C09523C00745AAD /* Release */ = {
			isa = XCBuildConfiguration;
			buildSettings = {
				ALWAYS_SEARCH_USER_PATHS = NO;
				CLANG_CXX_LANGUAGE_STANDARD = "gnu++0x";
				CLANG_CXX_LIBRARY = "libc++";
				CLANG_ENABLE_MODULES = YES;
				CLANG_ENABLE_OBJC_ARC = YES;
				CLANG_WARN_BOOL_CONVERSION = YES;
				CLANG_WARN_CONSTANT_CONVERSION = YES;
				CLANG_WARN_DIRECT_OBJC_ISA_USAGE = YES_ERROR;
				CLANG_WARN_EMPTY_BODY = YES;
				CLANG_WARN_ENUM_CONVERSION = YES;
				CLANG_WARN_INT_CONVERSION = YES;
				CLANG_WARN_OBJC_ROOT_CLASS = YES_ERROR;
				CLANG_WARN_UNREACHABLE_CODE = YES;
				CLANG_WARN__DUPLICATE_METHOD_MATCH = YES;
				"CODE_SIGN_IDENTITY[sdk=iphoneos*]" = "iPhone Developer";
				COPY_PHASE_STRIP = NO;
				DEBUG_INFORMATION_FORMAT = "dwarf-with-dsym";
				ENABLE_NS_ASSERTIONS = NO;
				ENABLE_STRICT_OBJC_MSGSEND = YES;
				GCC_C_LANGUAGE_STANDARD = gnu99;
				GCC_NO_COMMON_BLOCKS = YES;
				GCC_WARN_64_TO_32_BIT_CONVERSION = YES;
				GCC_WARN_ABOUT_RETURN_TYPE = YES_ERROR;
				GCC_WARN_UNDECLARED_SELECTOR = YES;
				GCC_WARN_UNINITIALIZED_AUTOS = YES_AGGRESSIVE;
				GCC_WARN_UNUSED_FUNCTION = YES;
				GCC_WARN_UNUSED_VARIABLE = YES;
				IPHONEOS_DEPLOYMENT_TARGET = 9.0;
				MTL_ENABLE_DEBUG_INFO = NO;
				SDKROOT = iphoneos;
				VALIDATE_PRODUCT = YES;
			};
			name = Release;
		};
		4DACCF6E1C09523C00745AAD /* Debug */ = {
			isa = XCBuildConfiguration;
			buildSettings = {
				INFOPLIST_FILE = "Humoji WatchKit Extension/Info.plist";
				LD_RUNPATH_SEARCH_PATHS = "$(inherited) @executable_path/Frameworks @executable_path/../../Frameworks";
				PRODUCT_BUNDLE_IDENTIFIER = build.watchosapps.Humoji.watchkitapp.watchkitextension;
				PRODUCT_NAME = "${TARGET_NAME}";
				SDKROOT = watchos;
				SKIP_INSTALL = YES;
				TARGETED_DEVICE_FAMILY = 4;
				WATCHOS_DEPLOYMENT_TARGET = 2.0;
			};
			name = Debug;
		};
		4DACCF6F1C09523C00745AAD /* Release */ = {
			isa = XCBuildConfiguration;
			buildSettings = {
				INFOPLIST_FILE = "Humoji WatchKit Extension/Info.plist";
				LD_RUNPATH_SEARCH_PATHS = "$(inherited) @executable_path/Frameworks @executable_path/../../Frameworks";
				PRODUCT_BUNDLE_IDENTIFIER = build.watchosapps.Humoji.watchkitapp.watchkitextension;
				PRODUCT_NAME = "${TARGET_NAME}";
				SDKROOT = watchos;
				SKIP_INSTALL = YES;
				TARGETED_DEVICE_FAMILY = 4;
				WATCHOS_DEPLOYMENT_TARGET = 2.0;
			};
			name = Release;
		};
		4DACCF721C09523C00745AAD /* Debug */ = {
			isa = XCBuildConfiguration;
			buildSettings = {
				ASSETCATALOG_COMPILER_APPICON_NAME = AppIcon;
				EMBEDDED_CONTENT_CONTAINS_SWIFT = YES;
				IBSC_MODULE = Humoji_WatchKit_Extension;
				INFOPLIST_FILE = "Humoji WatchKit App/Info.plist";
				PRODUCT_BUNDLE_IDENTIFIER = build.watchosapps.Humoji.watchkitapp;
				PRODUCT_NAME = "$(TARGET_NAME)";
				SDKROOT = watchos;
				SKIP_INSTALL = YES;
				TARGETED_DEVICE_FAMILY = 4;
				WATCHOS_DEPLOYMENT_TARGET = 2.0;
			};
			name = Debug;
		};
		4DACCF731C09523C00745AAD /* Release */ = {
			isa = XCBuildConfiguration;
			buildSettings = {
				ASSETCATALOG_COMPILER_APPICON_NAME = AppIcon;
				EMBEDDED_CONTENT_CONTAINS_SWIFT = YES;
				IBSC_MODULE = Humoji_WatchKit_Extension;
				INFOPLIST_FILE = "Humoji WatchKit App/Info.plist";
				PRODUCT_BUNDLE_IDENTIFIER = build.watchosapps.Humoji.watchkitapp;
				PRODUCT_NAME = "$(TARGET_NAME)";
				SDKROOT = watchos;
				SKIP_INSTALL = YES;
				TARGETED_DEVICE_FAMILY = 4;
				WATCHOS_DEPLOYMENT_TARGET = 2.0;
			};
			name = Release;
		};
		4DACCF761C09523C00745AAD /* Debug */ = {
			isa = XCBuildConfiguration;
			buildSettings = {
				ASSETCATALOG_COMPILER_APPICON_NAME = AppIcon;
				INFOPLIST_FILE = Humoji/Info.plist;
				LD_RUNPATH_SEARCH_PATHS = "$(inherited) @executable_path/Frameworks";
				PRODUCT_BUNDLE_IDENTIFIER = build.watchosapps.Humoji;
				PRODUCT_NAME = "$(TARGET_NAME)";
			};
			name = Debug;
		};
		4DACCF771C09523C00745AAD /* Release */ = {
			isa = XCBuildConfiguration;
			buildSettings = {
				ASSETCATALOG_COMPILER_APPICON_NAME = AppIcon;
				INFOPLIST_FILE = Humoji/Info.plist;
				LD_RUNPATH_SEARCH_PATHS = "$(inherited) @executable_path/Frameworks";
				PRODUCT_BUNDLE_IDENTIFIER = build.watchosapps.Humoji;
				PRODUCT_NAME = "$(TARGET_NAME)";
			};
			name = Release;
		};
/* End XCBuildConfiguration section */

/* Begin XCConfigurationList section */
		4DACCF391C09523C00745AAD /* Build configuration list for PBXProject "Humoji" */ = {
			isa = XCConfigurationList;
			buildConfigurations = (
				4DACCF6B1C09523C00745AAD /* Debug */,
				4DACCF6C1C09523C00745AAD /* Release */,
			);
			defaultConfigurationIsVisible = 0;
			defaultConfigurationName = Release;
		};
		4DACCF6D1C09523C00745AAD /* Build configuration list for PBXNativeTarget "Humoji WatchKit Extension" */ = {
			isa = XCConfigurationList;
			buildConfigurations = (
				4DACCF6E1C09523C00745AAD /* Debug */,
				4DACCF6F1C09523C00745AAD /* Release */,
			);
			defaultConfigurationIsVisible = 0;
		};
		4DACCF711C09523C00745AAD /* Build configuration list for PBXNativeTarget "Humoji WatchKit App" */ = {
			isa = XCConfigurationList;
			buildConfigurations = (
				4DACCF721C09523C00745AAD /* Debug */,
				4DACCF731C09523C00745AAD /* Release */,
			);
			defaultConfigurationIsVisible = 0;
		};
		4DACCF751C09523C00745AAD /* Build configuration list for PBXNativeTarget "Humoji" */ = {
			isa = XCConfigurationList;
			buildConfigurations = (
				4DACCF761C09523C00745AAD /* Debug */,
				4DACCF771C09523C00745AAD /* Release */,
			);
			defaultConfigurationIsVisible = 0;
		};
/* End XCConfigurationList section */
	};
	rootObject = 4DACCF361C09523C00745AAD /* Project object */;
}
